
Microsoft Visual Studio Solution File, Format Version 12.00
# Visual Studio 15
VisualStudioVersion = 15.0.26730.3
MinimumVisualStudioVersion = 10.0.40219.1
Project("{FAE04EC0-301F-11D3-BF4B-00C04F79EFBC}") = "DapperMagna.DB.Extensions", "DapperMagna.DB.Extensions\DapperMagna.DB.Extensions.csproj", "{2B9957A2-0518-4AB5-B15E-0254958C7FA2}"
EndProject
Project("{FAE04EC0-301F-11D3-BF4B-00C04F79EFBC}") = "DapperMagna.DB.Extensions.Testing", "DapperMagna.DB.Extensions.Testing\DapperMagna.DB.Extensions.Testing.csproj", "{E3487008-D0C4-4048-BA6B-9226FC726AD2}"
EndProject
Project("{FAE04EC0-301F-11D3-BF4B-00C04F79EFBC}") = "DapperMagna.DB.Extensions.Tests", "DapperMagna.DB.Extensions.Tests\DapperMagna.DB.Extensions.Tests.csproj", "{239D86DE-DB0B-4FA5-922C-7E8544A450E7}"
EndProject
Global
	GlobalSection(SolutionConfigurationPlatforms) = preSolution
		Debug|Any CPU = Debug|Any CPU
		Release|Any CPU = Release|Any CPU
	EndGlobalSection
	GlobalSection(ProjectConfigurationPlatforms) = postSolution
		{2B9957A2-0518-4AB5-B15E-0254958C7FA2}.Debug|Any CPU.ActiveCfg = Debug|Any CPU
		{2B9957A2-0518-4AB5-B15E-0254958C7FA2}.Debug|Any CPU.Build.0 = Debug|Any CPU
		{2B9957A2-0518-4AB5-B15E-0254958C7FA2}.Release|Any CPU.ActiveCfg = Release|Any CPU
		{2B9957A2-0518-4AB5-B15E-0254958C7FA2}.Release|Any CPU.Build.0 = Release|Any CPU
		{E3487008-D0C4-4048-BA6B-9226FC726AD2}.Debug|Any CPU.ActiveCfg = Debug|Any CPU
		{E3487008-D0C4-4048-BA6B-9226FC726AD2}.Debug|Any CPU.Build.0 = Debug|Any CPU
		{E3487008-D0C4-4048-BA6B-9226FC726AD2}.Release|Any CPU.ActiveCfg = Release|Any CPU
		{E3487008-D0C4-4048-BA6B-9226FC726AD2}.Release|Any CPU.Build.0 = Release|Any CPU
		{239D86DE-DB0B-4FA5-922C-7E8544A450E7}.Debug|Any CPU.ActiveCfg = Debug|Any CPU
		{239D86DE-DB0B-4FA5-922C-7E8544A450E7}.Debug|Any CPU.Build.0 = Debug|Any CPU
		{239D86DE-DB0B-4FA5-922C-7E8544A450E7}.Release|Any CPU.ActiveCfg = Release|Any CPU
		{239D86DE-DB0B-4FA5-922C-7E8544A450E7}.Release|Any CPU.Build.0 = Release|Any CPU
	EndGlobalSection
	GlobalSection(SolutionProperties) = preSolution
		HideSolutionNode = FALSE
	EndGlobalSection
	GlobalSection(ExtensibilityGlobals) = postSolution
		SolutionGuid = {042C2385-0EB8-48D3-A6C2-F6B27DBE63A1}
	EndGlobalSection
EndGlobal
